
Microsoft Visual Studio Solution File, Format Version 12.00
# Visual Studio Version 17
VisualStudioVersion = 17.9.34701.34
MinimumVisualStudioVersion = 10.0.40219.1
Project("{FAE04EC0-301F-11D3-BF4B-00C04F79EFBC}") = "GreenGarden", "GreenGarden\GreenGarden.csproj", "{1F185875-4C61-4939-A9CA-2FC8A28C2D61}"
EndProject
Global
	GlobalSection(SolutionConfigurationPlatforms) = preSolution
		Debug|Any CPU = Debug|Any CPU
		Release|Any CPU = Release|Any CPU
	EndGlobalSection
	GlobalSection(ProjectConfigurationPlatforms) = postSolution
		{1F185875-4C61-4939-A9CA-2FC8A28C2D61}.Debug|Any CPU.ActiveCfg = Debug|Any CPU
		{1F185875-4C61-4939-A9CA-2FC8A28C2D61}.Debug|Any CPU.Build.0 = Debug|Any CPU
		{1F185875-4C61-4939-A9CA-2FC8A28C2D61}.Release|Any CPU.ActiveCfg = Release|Any CPU
		{1F185875-4C61-4939-A9CA-2FC8A28C2D61}.Release|Any CPU.Build.0 = Release|Any CPU
	EndGlobalSection
	GlobalSection(SolutionProperties) = preSolution
		HideSolutionNode = FALSE
	EndGlobalSection
	GlobalSection(ExtensibilityGlobals) = postSolution
		SolutionGuid = {8353A662-8F08-4338-A69D-A405D9280D46}
	EndGlobalSection
EndGlobal
