
Microsoft Visual Studio Solution File, Format Version 12.00
# Visual Studio Version 17
VisualStudioVersion = 17.5.33627.172
MinimumVisualStudioVersion = 10.0.40219.1
Project("{FAE04EC0-301F-11D3-BF4B-00C04F79EFBC}") = "GreenGardenCampsiteManagement", "GreenGardenCampsiteManagement\GreenGardenCampsiteManagement.csproj", "{D1D03C69-ACC7-4D4B-9737-A36B8A34516E}"
EndProject
Project("{FAE04EC0-301F-11D3-BF4B-00C04F79EFBC}") = "BusinessObject", "BusinessObject\BusinessObject.csproj", "{61AC6BF8-33D9-4907-8C5D-04BC25947A4E}"
EndProject
Project("{FAE04EC0-301F-11D3-BF4B-00C04F79EFBC}") = "DataAccess", "DataAccess\DataAccess.csproj", "{7D600816-85F2-4C2A-85B1-88C52802A7A7}"
EndProject
Project("{FAE04EC0-301F-11D3-BF4B-00C04F79EFBC}") = "Repositories", "Repositories\Repositories.csproj", "{CD419C9D-86D9-480C-BC09-598B149932AB}"
EndProject
Project("{FAE04EC0-301F-11D3-BF4B-00C04F79EFBC}") = "GreenGardenCampsiteManagementClient", "GreenGardenCampsiteManagementClient\GreenGardenCampsiteManagementClient.csproj", "{81782356-19AD-46AC-B0A7-952663A7F314}"
EndProject
Global
	GlobalSection(SolutionConfigurationPlatforms) = preSolution
		Debug|Any CPU = Debug|Any CPU
		Release|Any CPU = Release|Any CPU
	EndGlobalSection
	GlobalSection(ProjectConfigurationPlatforms) = postSolution
		{D1D03C69-ACC7-4D4B-9737-A36B8A34516E}.Debug|Any CPU.ActiveCfg = Debug|Any CPU
		{D1D03C69-ACC7-4D4B-9737-A36B8A34516E}.Debug|Any CPU.Build.0 = Debug|Any CPU
		{D1D03C69-ACC7-4D4B-9737-A36B8A34516E}.Release|Any CPU.ActiveCfg = Release|Any CPU
		{D1D03C69-ACC7-4D4B-9737-A36B8A34516E}.Release|Any CPU.Build.0 = Release|Any CPU
		{61AC6BF8-33D9-4907-8C5D-04BC25947A4E}.Debug|Any CPU.ActiveCfg = Debug|Any CPU
		{61AC6BF8-33D9-4907-8C5D-04BC25947A4E}.Debug|Any CPU.Build.0 = Debug|Any CPU
		{61AC6BF8-33D9-4907-8C5D-04BC25947A4E}.Release|Any CPU.ActiveCfg = Release|Any CPU
		{61AC6BF8-33D9-4907-8C5D-04BC25947A4E}.Release|Any CPU.Build.0 = Release|Any CPU
		{7D600816-85F2-4C2A-85B1-88C52802A7A7}.Debug|Any CPU.ActiveCfg = Debug|Any CPU
		{7D600816-85F2-4C2A-85B1-88C52802A7A7}.Debug|Any CPU.Build.0 = Debug|Any CPU
		{7D600816-85F2-4C2A-85B1-88C52802A7A7}.Release|Any CPU.ActiveCfg = Release|Any CPU
		{7D600816-85F2-4C2A-85B1-88C52802A7A7}.Release|Any CPU.Build.0 = Release|Any CPU
		{CD419C9D-86D9-480C-BC09-598B149932AB}.Debug|Any CPU.ActiveCfg = Debug|Any CPU
		{CD419C9D-86D9-480C-BC09-598B149932AB}.Debug|Any CPU.Build.0 = Debug|Any CPU
		{CD419C9D-86D9-480C-BC09-598B149932AB}.Release|Any CPU.ActiveCfg = Release|Any CPU
		{CD419C9D-86D9-480C-BC09-598B149932AB}.Release|Any CPU.Build.0 = Release|Any CPU
		{81782356-19AD-46AC-B0A7-952663A7F314}.Debug|Any CPU.ActiveCfg = Debug|Any CPU
		{81782356-19AD-46AC-B0A7-952663A7F314}.Debug|Any CPU.Build.0 = Debug|Any CPU
		{81782356-19AD-46AC-B0A7-952663A7F314}.Release|Any CPU.ActiveCfg = Release|Any CPU
		{81782356-19AD-46AC-B0A7-952663A7F314}.Release|Any CPU.Build.0 = Release|Any CPU
	EndGlobalSection
	GlobalSection(SolutionProperties) = preSolution
		HideSolutionNode = FALSE
	EndGlobalSection
	GlobalSection(ExtensibilityGlobals) = postSolution
		SolutionGuid = {794C7BC1-14B6-4FC9-A8E9-71B809830795}
	EndGlobalSection
EndGlobal
